
Microsoft Visual Studio Solution File, Format Version 12.00
# Visual Studio Version 17
VisualStudioVersion = 17.14.36705.20 d17.14
MinimumVisualStudioVersion = 10.0.40219.1
Project("{8BC9CEB8-8B4A-11D0-8D11-00A0C91BC942}") = "POVR_Project", "POVR_Project\POVR_Project.vcxproj", "{0FB978FF-DB75-4FAD-8DDE-745F8F72F918}"
EndProject
Global
	GlobalSection(SolutionConfigurationPlatforms) = preSolution
		Debug|x64 = Debug|x64
		Debug|x86 = Debug|x86
		Release|x64 = Release|x64
		Release|x86 = Release|x86
	EndGlobalSection
	GlobalSection(ProjectConfigurationPlatforms) = postSolution
		{0FB978FF-DB75-4FAD-8DDE-745F8F72F918}.Debug|x64.ActiveCfg = Debug|x64
		{0FB978FF-DB75-4FAD-8DDE-745F8F72F918}.Debug|x64.Build.0 = Debug|x64
		{0FB978FF-DB75-4FAD-8DDE-745F8F72F918}.Debug|x86.ActiveCfg = Debug|Win32
		{0FB978FF-DB75-4FAD-8DDE-745F8F72F918}.Debug|x86.Build.0 = Debug|Win32
		{0FB978FF-DB75-4FAD-8DDE-745F8F72F918}.Release|x64.ActiveCfg = Release|x64
		{0FB978FF-DB75-4FAD-8DDE-745F8F72F918}.Release|x64.Build.0 = Release|x64
		{0FB978FF-DB75-4FAD-8DDE-745F8F72F918}.Release|x86.ActiveCfg = Release|Win32
		{0FB978FF-DB75-4FAD-8DDE-745F8F72F918}.Release|x86.Build.0 = Release|Win32
	EndGlobalSection
	GlobalSection(SolutionProperties) = preSolution
		HideSolutionNode = FALSE
	EndGlobalSection
	GlobalSection(ExtensibilityGlobals) = postSolution
		SolutionGuid = {8805F981-8839-4429-BD8B-3D1BFF63B0DA}
	EndGlobalSection
EndGlobal
